
Microsoft Visual Studio Solution File, Format Version 12.00
# Visual Studio Version 16
VisualStudioVersion = 16.0.30804.86
MinimumVisualStudioVersion = 10.0.40219.1
Project("{FAE04EC0-301F-11D3-BF4B-00C04F79EFBC}") = "GameProject", "GameProject\GameProject.csproj", "{F72BC203-13BD-4C1F-9706-8AEEA7B0DBB3}"
EndProject
Global
	GlobalSection(SolutionConfigurationPlatforms) = preSolution
		Debug|Any CPU = Debug|Any CPU
		Release|Any CPU = Release|Any CPU
	EndGlobalSection
	GlobalSection(ProjectConfigurationPlatforms) = postSolution
		{F72BC203-13BD-4C1F-9706-8AEEA7B0DBB3}.Debug|Any CPU.ActiveCfg = Debug|Any CPU
		{F72BC203-13BD-4C1F-9706-8AEEA7B0DBB3}.Debug|Any CPU.Build.0 = Debug|Any CPU
		{F72BC203-13BD-4C1F-9706-8AEEA7B0DBB3}.Release|Any CPU.ActiveCfg = Release|Any CPU
		{F72BC203-13BD-4C1F-9706-8AEEA7B0DBB3}.Release|Any CPU.Build.0 = Release|Any CPU
	EndGlobalSection
	GlobalSection(SolutionProperties) = preSolution
		HideSolutionNode = FALSE
	EndGlobalSection
	GlobalSection(ExtensibilityGlobals) = postSolution
		SolutionGuid = {EDBEB178-1C2F-4677-AE2E-2869333F74CE}
	EndGlobalSection
EndGlobal
